
Microsoft Visual Studio Solution File, Format Version 10.00
# Visual Studio 2008
Project("{8BC9CEB8-8B4A-11D0-8D11-00A0C91BC942}") = "T9Spelling", "T9Spelling.vcproj", "{203881F4-AB7B-42A4-B92A-3B8B64A54636}"
EndProject
Global
	GlobalSection(SolutionConfigurationPlatforms) = preSolution
		Debug|Win32 = Debug|Win32
		Release|Win32 = Release|Win32
	EndGlobalSection
	GlobalSection(ProjectConfigurationPlatforms) = postSolution
		{203881F4-AB7B-42A4-B92A-3B8B64A54636}.Debug|Win32.ActiveCfg = Debug|Win32
		{203881F4-AB7B-42A4-B92A-3B8B64A54636}.Debug|Win32.Build.0 = Debug|Win32
		{203881F4-AB7B-42A4-B92A-3B8B64A54636}.Release|Win32.ActiveCfg = Release|Win32
		{203881F4-AB7B-42A4-B92A-3B8B64A54636}.Release|Win32.Build.0 = Release|Win32
	EndGlobalSection
	GlobalSection(SolutionProperties) = preSolution
		HideSolutionNode = FALSE
	EndGlobalSection
EndGlobal
